
Microsoft Visual Studio Solution File, Format Version 12.00
# Visual Studio Version 17
VisualStudioVersion = 17.2.32602.215
MinimumVisualStudioVersion = 10.0.40219.1
Project("{FAE04EC0-301F-11D3-BF4B-00C04F79EFBC}") = "Banking", "Banking\Banking.csproj", "{A6753BF3-B603-43DA-9E55-B31F7B7919DA}"
EndProject
Project("{9A19103F-16F7-4668-BE54-9A1E7A4F7556}") = "ICICI", "ICICI\ICICI.csproj", "{3BE34848-0B00-46DB-A717-58A152F41088}"
EndProject
Project("{FAE04EC0-301F-11D3-BF4B-00C04F79EFBC}") = "Axis Bank", "Axis Bank\Axis Bank.csproj", "{509A1869-88AB-4BFE-A799-928CB1E6CE98}"
EndProject
Global
	GlobalSection(SolutionConfigurationPlatforms) = preSolution
		Debug|Any CPU = Debug|Any CPU
		Release|Any CPU = Release|Any CPU
	EndGlobalSection
	GlobalSection(ProjectConfigurationPlatforms) = postSolution
		{A6753BF3-B603-43DA-9E55-B31F7B7919DA}.Debug|Any CPU.ActiveCfg = Debug|Any CPU
		{A6753BF3-B603-43DA-9E55-B31F7B7919DA}.Debug|Any CPU.Build.0 = Debug|Any CPU
		{A6753BF3-B603-43DA-9E55-B31F7B7919DA}.Release|Any CPU.ActiveCfg = Release|Any CPU
		{A6753BF3-B603-43DA-9E55-B31F7B7919DA}.Release|Any CPU.Build.0 = Release|Any CPU
		{3BE34848-0B00-46DB-A717-58A152F41088}.Debug|Any CPU.ActiveCfg = Debug|Any CPU
		{3BE34848-0B00-46DB-A717-58A152F41088}.Debug|Any CPU.Build.0 = Debug|Any CPU
		{3BE34848-0B00-46DB-A717-58A152F41088}.Release|Any CPU.ActiveCfg = Release|Any CPU
		{3BE34848-0B00-46DB-A717-58A152F41088}.Release|Any CPU.Build.0 = Release|Any CPU
		{509A1869-88AB-4BFE-A799-928CB1E6CE98}.Debug|Any CPU.ActiveCfg = Debug|Any CPU
		{509A1869-88AB-4BFE-A799-928CB1E6CE98}.Debug|Any CPU.Build.0 = Debug|Any CPU
		{509A1869-88AB-4BFE-A799-928CB1E6CE98}.Release|Any CPU.ActiveCfg = Release|Any CPU
		{509A1869-88AB-4BFE-A799-928CB1E6CE98}.Release|Any CPU.Build.0 = Release|Any CPU
	EndGlobalSection
	GlobalSection(SolutionProperties) = preSolution
		HideSolutionNode = FALSE
	EndGlobalSection
	GlobalSection(ExtensibilityGlobals) = postSolution
		SolutionGuid = {66F72E74-204E-4547-A6E1-4B715D3A37F6}
	EndGlobalSection
EndGlobal
